
Microsoft Visual Studio Solution File, Format Version 12.00
# Visual Studio Version 16
VisualStudioVersion = 16.0.29215.179
MinimumVisualStudioVersion = 10.0.40219.1
Project("{FAE04EC0-301F-11D3-BF4B-00C04F79EFBC}") = "Foutloos", "Foutloos\Foutloos.csproj", "{2BE06883-DD60-42B0-941A-49DB42560517}"
EndProject
Project("{FAE04EC0-301F-11D3-BF4B-00C04F79EFBC}") = "FoutloosTests", "FoutloosTests\FoutloosTests.csproj", "{AB94B072-98B3-4A3B-9FAB-1C33B64B639E}"
EndProject
Global
	GlobalSection(SolutionConfigurationPlatforms) = preSolution
		Debug|Any CPU = Debug|Any CPU
		Release|Any CPU = Release|Any CPU
	EndGlobalSection
	GlobalSection(ProjectConfigurationPlatforms) = postSolution
		{2BE06883-DD60-42B0-941A-49DB42560517}.Debug|Any CPU.ActiveCfg = Debug|Any CPU
		{2BE06883-DD60-42B0-941A-49DB42560517}.Debug|Any CPU.Build.0 = Debug|Any CPU
		{2BE06883-DD60-42B0-941A-49DB42560517}.Release|Any CPU.ActiveCfg = Release|Any CPU
		{2BE06883-DD60-42B0-941A-49DB42560517}.Release|Any CPU.Build.0 = Release|Any CPU
		{AB94B072-98B3-4A3B-9FAB-1C33B64B639E}.Debug|Any CPU.ActiveCfg = Debug|Any CPU
		{AB94B072-98B3-4A3B-9FAB-1C33B64B639E}.Debug|Any CPU.Build.0 = Debug|Any CPU
		{AB94B072-98B3-4A3B-9FAB-1C33B64B639E}.Release|Any CPU.ActiveCfg = Release|Any CPU
		{AB94B072-98B3-4A3B-9FAB-1C33B64B639E}.Release|Any CPU.Build.0 = Release|Any CPU
	EndGlobalSection
	GlobalSection(SolutionProperties) = preSolution
		HideSolutionNode = FALSE
	EndGlobalSection
	GlobalSection(ExtensibilityGlobals) = postSolution
		SolutionGuid = {64A95540-4238-4F4B-AD19-40A51054A333}
	EndGlobalSection
EndGlobal
